
Microsoft Visual Studio Solution File, Format Version 12.00
# Visual Studio 2012
Project("{FAE04EC0-301F-11D3-BF4B-00C04F79EFBC}") = "Model", "Model\Model.csproj", "{4E4AC009-ECD3-4243-A5BD-23386454A0F3}"
EndProject
Project("{FAE04EC0-301F-11D3-BF4B-00C04F79EFBC}") = "DAL", "DAL\DAL.csproj", "{0F1D2740-7169-4F85-B675-87FB24D4EDA7}"
EndProject
Project("{FAE04EC0-301F-11D3-BF4B-00C04F79EFBC}") = "Client", "Client\Client.csproj", "{31562AD1-9558-4988-B5A8-527D0CE7354F}"
EndProject
Project("{FAE04EC0-301F-11D3-BF4B-00C04F79EFBC}") = "BL", "BL\BL.csproj", "{A0A584BE-F3FD-42A1-8939-178EC00E19A5}"
EndProject
Project("{FAE04EC0-301F-11D3-BF4B-00C04F79EFBC}") = "WindowsService1", "WindowsService1\WindowsService1.csproj", "{EC8886E4-0245-4AF6-B7B2-D6129F88C43A}"
EndProject
Global
	GlobalSection(SolutionConfigurationPlatforms) = preSolution
		Debug|Any CPU = Debug|Any CPU
		Release|Any CPU = Release|Any CPU
	EndGlobalSection
	GlobalSection(ProjectConfigurationPlatforms) = postSolution
		{4E4AC009-ECD3-4243-A5BD-23386454A0F3}.Debug|Any CPU.ActiveCfg = Debug|Any CPU
		{4E4AC009-ECD3-4243-A5BD-23386454A0F3}.Debug|Any CPU.Build.0 = Debug|Any CPU
		{4E4AC009-ECD3-4243-A5BD-23386454A0F3}.Release|Any CPU.ActiveCfg = Release|Any CPU
		{4E4AC009-ECD3-4243-A5BD-23386454A0F3}.Release|Any CPU.Build.0 = Release|Any CPU
		{0F1D2740-7169-4F85-B675-87FB24D4EDA7}.Debug|Any CPU.ActiveCfg = Debug|Any CPU
		{0F1D2740-7169-4F85-B675-87FB24D4EDA7}.Debug|Any CPU.Build.0 = Debug|Any CPU
		{0F1D2740-7169-4F85-B675-87FB24D4EDA7}.Release|Any CPU.ActiveCfg = Release|Any CPU
		{0F1D2740-7169-4F85-B675-87FB24D4EDA7}.Release|Any CPU.Build.0 = Release|Any CPU
		{31562AD1-9558-4988-B5A8-527D0CE7354F}.Debug|Any CPU.ActiveCfg = Debug|Any CPU
		{31562AD1-9558-4988-B5A8-527D0CE7354F}.Debug|Any CPU.Build.0 = Debug|Any CPU
		{31562AD1-9558-4988-B5A8-527D0CE7354F}.Release|Any CPU.ActiveCfg = Release|Any CPU
		{31562AD1-9558-4988-B5A8-527D0CE7354F}.Release|Any CPU.Build.0 = Release|Any CPU
		{A0A584BE-F3FD-42A1-8939-178EC00E19A5}.Debug|Any CPU.ActiveCfg = Debug|Any CPU
		{A0A584BE-F3FD-42A1-8939-178EC00E19A5}.Debug|Any CPU.Build.0 = Debug|Any CPU
		{A0A584BE-F3FD-42A1-8939-178EC00E19A5}.Release|Any CPU.ActiveCfg = Release|Any CPU
		{A0A584BE-F3FD-42A1-8939-178EC00E19A5}.Release|Any CPU.Build.0 = Release|Any CPU
		{EC8886E4-0245-4AF6-B7B2-D6129F88C43A}.Debug|Any CPU.ActiveCfg = Debug|Any CPU
		{EC8886E4-0245-4AF6-B7B2-D6129F88C43A}.Debug|Any CPU.Build.0 = Debug|Any CPU
		{EC8886E4-0245-4AF6-B7B2-D6129F88C43A}.Release|Any CPU.ActiveCfg = Release|Any CPU
		{EC8886E4-0245-4AF6-B7B2-D6129F88C43A}.Release|Any CPU.Build.0 = Release|Any CPU
	EndGlobalSection
	GlobalSection(SolutionProperties) = preSolution
		HideSolutionNode = FALSE
	EndGlobalSection
EndGlobal
