
Microsoft Visual Studio Solution File, Format Version 12.00
# Visual Studio 2012
Project("{FAE04EC0-301F-11D3-BF4B-00C04F79EFBC}") = "SalesOfGoodsMVCApp", "SalesOfGoodsMVCApp\SalesOfGoodsMVCApp.csproj", "{99097993-4692-4D91-9F58-A353B148CBB4}"
EndProject
Project("{FAE04EC0-301F-11D3-BF4B-00C04F79EFBC}") = "Model", "Model\Model.csproj", "{A1E8950B-7EF5-4D5F-BEC6-16875FBEDCDD}"
EndProject
Project("{FAE04EC0-301F-11D3-BF4B-00C04F79EFBC}") = "DAL", "DAL\DAL.csproj", "{CD95FA87-09F9-4677-A00D-A291E65DD692}"
EndProject
Project("{FAE04EC0-301F-11D3-BF4B-00C04F79EFBC}") = "Client", "Client\Client.csproj", "{29F49E75-D4A4-48A1-AEB1-C2F3A68FE44C}"
EndProject
Project("{FAE04EC0-301F-11D3-BF4B-00C04F79EFBC}") = "BL", "BL\BL.csproj", "{F1EEA595-B2CE-4922-BA91-21325D984D81}"
EndProject
Global
	GlobalSection(SolutionConfigurationPlatforms) = preSolution
		Debug|Any CPU = Debug|Any CPU
		Release|Any CPU = Release|Any CPU
	EndGlobalSection
	GlobalSection(ProjectConfigurationPlatforms) = postSolution
		{99097993-4692-4D91-9F58-A353B148CBB4}.Debug|Any CPU.ActiveCfg = Debug|Any CPU
		{99097993-4692-4D91-9F58-A353B148CBB4}.Debug|Any CPU.Build.0 = Debug|Any CPU
		{99097993-4692-4D91-9F58-A353B148CBB4}.Release|Any CPU.ActiveCfg = Release|Any CPU
		{99097993-4692-4D91-9F58-A353B148CBB4}.Release|Any CPU.Build.0 = Release|Any CPU
		{A1E8950B-7EF5-4D5F-BEC6-16875FBEDCDD}.Debug|Any CPU.ActiveCfg = Debug|Any CPU
		{A1E8950B-7EF5-4D5F-BEC6-16875FBEDCDD}.Debug|Any CPU.Build.0 = Debug|Any CPU
		{A1E8950B-7EF5-4D5F-BEC6-16875FBEDCDD}.Release|Any CPU.ActiveCfg = Release|Any CPU
		{A1E8950B-7EF5-4D5F-BEC6-16875FBEDCDD}.Release|Any CPU.Build.0 = Release|Any CPU
		{CD95FA87-09F9-4677-A00D-A291E65DD692}.Debug|Any CPU.ActiveCfg = Debug|Any CPU
		{CD95FA87-09F9-4677-A00D-A291E65DD692}.Debug|Any CPU.Build.0 = Debug|Any CPU
		{CD95FA87-09F9-4677-A00D-A291E65DD692}.Release|Any CPU.ActiveCfg = Release|Any CPU
		{CD95FA87-09F9-4677-A00D-A291E65DD692}.Release|Any CPU.Build.0 = Release|Any CPU
		{29F49E75-D4A4-48A1-AEB1-C2F3A68FE44C}.Debug|Any CPU.ActiveCfg = Debug|Any CPU
		{29F49E75-D4A4-48A1-AEB1-C2F3A68FE44C}.Debug|Any CPU.Build.0 = Debug|Any CPU
		{29F49E75-D4A4-48A1-AEB1-C2F3A68FE44C}.Release|Any CPU.ActiveCfg = Release|Any CPU
		{29F49E75-D4A4-48A1-AEB1-C2F3A68FE44C}.Release|Any CPU.Build.0 = Release|Any CPU
		{F1EEA595-B2CE-4922-BA91-21325D984D81}.Debug|Any CPU.ActiveCfg = Debug|Any CPU
		{F1EEA595-B2CE-4922-BA91-21325D984D81}.Debug|Any CPU.Build.0 = Debug|Any CPU
		{F1EEA595-B2CE-4922-BA91-21325D984D81}.Release|Any CPU.ActiveCfg = Release|Any CPU
		{F1EEA595-B2CE-4922-BA91-21325D984D81}.Release|Any CPU.Build.0 = Release|Any CPU
	EndGlobalSection
	GlobalSection(SolutionProperties) = preSolution
		HideSolutionNode = FALSE
	EndGlobalSection
EndGlobal
